
Microsoft Visual Studio Solution File, Format Version 12.00
# Visual Studio 15
VisualStudioVersion = 15.0.28307.1401
MinimumVisualStudioVersion = 10.0.40219.1
Project("{FAE04EC0-301F-11D3-BF4B-00C04F79EFBC}") = "WebApplication2", "WebApplication2\WebApplication2.csproj", "{EC4ACF3D-8256-4DFB-BEB0-21F1DE339507}"
EndProject
Global
	GlobalSection(SolutionConfigurationPlatforms) = preSolution
		Debug|Any CPU = Debug|Any CPU
		Release|Any CPU = Release|Any CPU
	EndGlobalSection
	GlobalSection(ProjectConfigurationPlatforms) = postSolution
		{EC4ACF3D-8256-4DFB-BEB0-21F1DE339507}.Debug|Any CPU.ActiveCfg = Debug|Any CPU
		{EC4ACF3D-8256-4DFB-BEB0-21F1DE339507}.Debug|Any CPU.Build.0 = Debug|Any CPU
		{EC4ACF3D-8256-4DFB-BEB0-21F1DE339507}.Release|Any CPU.ActiveCfg = Release|Any CPU
		{EC4ACF3D-8256-4DFB-BEB0-21F1DE339507}.Release|Any CPU.Build.0 = Release|Any CPU
	EndGlobalSection
	GlobalSection(SolutionProperties) = preSolution
		HideSolutionNode = FALSE
	EndGlobalSection
	GlobalSection(ExtensibilityGlobals) = postSolution
		SolutionGuid = {5E317E9D-C4E5-4CE5-83B1-1ECED662D5D9}
	EndGlobalSection
EndGlobal
